
Microsoft Visual Studio Solution File, Format Version 12.00
# Visual Studio Version 16
VisualStudioVersion = 16.0.30330.147
MinimumVisualStudioVersion = 10.0.40219.1
Project("{FAE04EC0-301F-11D3-BF4B-00C04F79EFBC}") = "Comp2001_api", "Comp2001_api\Comp2001_api.csproj", "{1EBEE045-FDB3-406F-B3C4-14B1516DDE05}"
EndProject
Global
	GlobalSection(SolutionConfigurationPlatforms) = preSolution
		Debug|Any CPU = Debug|Any CPU
		Release|Any CPU = Release|Any CPU
	EndGlobalSection
	GlobalSection(ProjectConfigurationPlatforms) = postSolution
		{1EBEE045-FDB3-406F-B3C4-14B1516DDE05}.Debug|Any CPU.ActiveCfg = Debug|Any CPU
		{1EBEE045-FDB3-406F-B3C4-14B1516DDE05}.Debug|Any CPU.Build.0 = Debug|Any CPU
		{1EBEE045-FDB3-406F-B3C4-14B1516DDE05}.Release|Any CPU.ActiveCfg = Release|Any CPU
		{1EBEE045-FDB3-406F-B3C4-14B1516DDE05}.Release|Any CPU.Build.0 = Release|Any CPU
	EndGlobalSection
	GlobalSection(SolutionProperties) = preSolution
		HideSolutionNode = FALSE
	EndGlobalSection
	GlobalSection(ExtensibilityGlobals) = postSolution
		SolutionGuid = {9B89A255-299F-4ABB-8CCC-50905495A9E6}
	EndGlobalSection
EndGlobal
